// !$*UTF8*$!
{
	archiveVersion = 1;
	classes = {
	};
	objectVersion = 51;
	objects = {

/* Begin PBXBuildFile section */
		59797A8211B8311FF55E134A /* Pods_VirtualTourist.framework in Frameworks */ = {isa = PBXBuildFile; fileRef = 1FCC0B9F1204041613F65C97 /* Pods_VirtualTourist.framework */; };
		63325E522490E71E00D753AF /* AlbumViewController+UICollectionView.swift in Sources */ = {isa = PBXBuildFile; fileRef = 63325E512490E71E00D753AF /* AlbumViewController+UICollectionView.swift */; };
		63325E552490EFE800D753AF /* PhotoCollectionViewCell.swift in Sources */ = {isa = PBXBuildFile; fileRef = 63325E542490EFE800D753AF /* PhotoCollectionViewCell.swift */; };
		63325E572491490800D753AF /* Photo.swift in Sources */ = {isa = PBXBuildFile; fileRef = 63325E562491490800D753AF /* Photo.swift */; };
		63516056248FA15F00CE8ABA /* AppDelegate.swift in Sources */ = {isa = PBXBuildFile; fileRef = 63516055248FA15F00CE8ABA /* AppDelegate.swift */; };
		63516058248FA15F00CE8ABA /* SceneDelegate.swift in Sources */ = {isa = PBXBuildFile; fileRef = 63516057248FA15F00CE8ABA /* SceneDelegate.swift */; };
		6351605A248FA15F00CE8ABA /* MapViewController.swift in Sources */ = {isa = PBXBuildFile; fileRef = 63516059248FA15F00CE8ABA /* MapViewController.swift */; };
		6351605D248FA15F00CE8ABA /* Main.storyboard in Resources */ = {isa = PBXBuildFile; fileRef = 6351605B248FA15F00CE8ABA /* Main.storyboard */; };
		63516060248FA15F00CE8ABA /* VirtualTourist.xcdatamodeld in Sources */ = {isa = PBXBuildFile; fileRef = 6351605E248FA15F00CE8ABA /* VirtualTourist.xcdatamodeld */; };
		63516062248FA16200CE8ABA /* Assets.xcassets in Resources */ = {isa = PBXBuildFile; fileRef = 63516061248FA16200CE8ABA /* Assets.xcassets */; };
		63516065248FA16200CE8ABA /* LaunchScreen.storyboard in Resources */ = {isa = PBXBuildFile; fileRef = 63516063248FA16200CE8ABA /* LaunchScreen.storyboard */; };
		63516072248FBC4800CE8ABA /* DataController.swift in Sources */ = {isa = PBXBuildFile; fileRef = 63516071248FBC4800CE8ABA /* DataController.swift */; };
		63516074248FBFA300CE8ABA /* Pin.swift in Sources */ = {isa = PBXBuildFile; fileRef = 63516073248FBFA300CE8ABA /* Pin.swift */; };
		63516076248FC8F800CE8ABA /* MapViewController+MKMapViewDelegate.swift in Sources */ = {isa = PBXBuildFile; fileRef = 63516075248FC8F800CE8ABA /* MapViewController+MKMapViewDelegate.swift */; };
		636F0788249008BC0082C78C /* AlbumViewController.swift in Sources */ = {isa = PBXBuildFile; fileRef = 636F0787249008BC0082C78C /* AlbumViewController.swift */; };
		636F078A2490401D0082C78C /* FlickrAPI.swift in Sources */ = {isa = PBXBuildFile; fileRef = 636F07892490401D0082C78C /* FlickrAPI.swift */; };
		636F078C249042B50082C78C /* AlbumCodable.swift in Sources */ = {isa = PBXBuildFile; fileRef = 636F078B249042B50082C78C /* AlbumCodable.swift */; };
/* End PBXBuildFile section */

/* Begin PBXFileReference section */
		1FCC0B9F1204041613F65C97 /* Pods_VirtualTourist.framework */ = {isa = PBXFileReference; explicitFileType = wrapper.framework; includeInIndex = 0; path = Pods_VirtualTourist.framework; sourceTree = BUILT_PRODUCTS_DIR; };
		63325E512490E71E00D753AF /* AlbumViewController+UICollectionView.swift */ = {isa = PBXFileReference; lastKnownFileType = sourcecode.swift; path = "AlbumViewController+UICollectionView.swift"; sourceTree = "<group>"; };
		63325E542490EFE800D753AF /* PhotoCollectionViewCell.swift */ = {isa = PBXFileReference; lastKnownFileType = sourcecode.swift; path = PhotoCollectionViewCell.swift; sourceTree = "<group>"; };
		63325E562491490800D753AF /* Photo.swift */ = {isa = PBXFileReference; lastKnownFileType = sourcecode.swift; path = Photo.swift; sourceTree = "<group>"; };
		63516052248FA15F00CE8ABA /* Virtual Tourist.app */ = {isa = PBXFileReference; explicitFileType = wrapper.application; includeInIndex = 0; path = "Virtual Tourist.app"; sourceTree = BUILT_PRODUCTS_DIR; };
		63516055248FA15F00CE8ABA /* AppDelegate.swift */ = {isa = PBXFileReference; lastKnownFileType = sourcecode.swift; path = AppDelegate.swift; sourceTree = "<group>"; };
		63516057248FA15F00CE8ABA /* SceneDelegate.swift */ = {isa = PBXFileReference; lastKnownFileType = sourcecode.swift; path = SceneDelegate.swift; sourceTree = "<group>"; };
		63516059248FA15F00CE8ABA /* MapViewController.swift */ = {isa = PBXFileReference; lastKnownFileType = sourcecode.swift; path = MapViewController.swift; sourceTree = "<group>"; };
		6351605C248FA15F00CE8ABA /* Base */ = {isa = PBXFileReference; lastKnownFileType = file.storyboard; name = Base; path = Base.lproj/Main.storyboard; sourceTree = "<group>"; };
		6351605F248FA15F00CE8ABA /* VirtualTourist.xcdatamodel */ = {isa = PBXFileReference; lastKnownFileType = wrapper.xcdatamodel; path = VirtualTourist.xcdatamodel; sourceTree = "<group>"; };
		63516061248FA16200CE8ABA /* Assets.xcassets */ = {isa = PBXFileReference; lastKnownFileType = folder.assetcatalog; path = Assets.xcassets; sourceTree = "<group>"; };
		63516064248FA16200CE8ABA /* Base */ = {isa = PBXFileReference; lastKnownFileType = file.storyboard; name = Base; path = Base.lproj/LaunchScreen.storyboard; sourceTree = "<group>"; };
		63516066248FA16200CE8ABA /* Info.plist */ = {isa = PBXFileReference; lastKnownFileType = text.plist.xml; path = Info.plist; sourceTree = "<group>"; };
		63516071248FBC4800CE8ABA /* DataController.swift */ = {isa = PBXFileReference; lastKnownFileType = sourcecode.swift; path = DataController.swift; sourceTree = "<group>"; };
		63516073248FBFA300CE8ABA /* Pin.swift */ = {isa = PBXFileReference; lastKnownFileType = sourcecode.swift; path = Pin.swift; sourceTree = "<group>"; };
		63516075248FC8F800CE8ABA /* MapViewController+MKMapViewDelegate.swift */ = {isa = PBXFileReference; lastKnownFileType = sourcecode.swift; path = "MapViewController+MKMapViewDelegate.swift"; sourceTree = "<group>"; };
		636F0787249008BC0082C78C /* AlbumViewController.swift */ = {isa = PBXFileReference; lastKnownFileType = sourcecode.swift; path = AlbumViewController.swift; sourceTree = "<group>"; };
		636F07892490401D0082C78C /* FlickrAPI.swift */ = {isa = PBXFileReference; lastKnownFileType = sourcecode.swift; path = FlickrAPI.swift; sourceTree = "<group>"; };
		636F078B249042B50082C78C /* AlbumCodable.swift */ = {isa = PBXFileReference; lastKnownFileType = sourcecode.swift; path = AlbumCodable.swift; sourceTree = "<group>"; };
		669A3206C86AFF52E9D1A7CA /* Pods-VirtualTourist.release.xcconfig */ = {isa = PBXFileReference; includeInIndex = 1; lastKnownFileType = text.xcconfig; name = "Pods-VirtualTourist.release.xcconfig"; path = "Target Support Files/Pods-VirtualTourist/Pods-VirtualTourist.release.xcconfig"; sourceTree = "<group>"; };
		ABCB0DF815B7897CB0DC23BB /* Pods-VirtualTourist.debug.xcconfig */ = {isa = PBXFileReference; includeInIndex = 1; lastKnownFileType = text.xcconfig; name = "Pods-VirtualTourist.debug.xcconfig"; path = "Target Support Files/Pods-VirtualTourist/Pods-VirtualTourist.debug.xcconfig"; sourceTree = "<group>"; };
/* End PBXFileReference section */

/* Begin PBXFrameworksBuildPhase section */
		6351604F248FA15F00CE8ABA /* Frameworks */ = {
			isa = PBXFrameworksBuildPhase;
			buildActionMask = 2147483647;
			files = (
				59797A8211B8311FF55E134A /* Pods_VirtualTourist.framework in Frameworks */,
			);
			runOnlyForDeploymentPostprocessing = 0;
		};
/* End PBXFrameworksBuildPhase section */

/* Begin PBXGroup section */
		63325E532490E72900D753AF /* AlbumViewController */ = {
			isa = PBXGroup;
			children = (
				636F0787249008BC0082C78C /* AlbumViewController.swift */,
				63325E512490E71E00D753AF /* AlbumViewController+UICollectionView.swift */,
			);
			path = AlbumViewController;
			sourceTree = "<group>";
		};
		63516049248FA15F00CE8ABA = {
			isa = PBXGroup;
			children = (
				63516054248FA15F00CE8ABA /* VirtualTourist */,
				63516053248FA15F00CE8ABA /* Products */,
				F286213A8D609C4432DF14ED /* Pods */,
				DC880D00CEF2AC49C8875D0A /* Frameworks */,
			);
			sourceTree = "<group>";
		};
		63516053248FA15F00CE8ABA /* Products */ = {
			isa = PBXGroup;
			children = (
				63516052248FA15F00CE8ABA /* Virtual Tourist.app */,
			);
			name = Products;
			sourceTree = "<group>";
		};
		63516054248FA15F00CE8ABA /* VirtualTourist */ = {
			isa = PBXGroup;
			children = (
				6351606C248FA26200CE8ABA /* Model */,
				6351606D248FA27000CE8ABA /* View */,
				6351606E248FA27900CE8ABA /* Controller */,
				6351606F248FA28600CE8ABA /* Support */,
			);
			path = VirtualTourist;
			sourceTree = "<group>";
		};
		6351606C248FA26200CE8ABA /* Model */ = {
			isa = PBXGroup;
			children = (
				636F078D249042BF0082C78C /* API */,
				63516070248FBC2800CE8ABA /* Core Data */,
			);
			path = Model;
			sourceTree = "<group>";
		};
		6351606D248FA27000CE8ABA /* View */ = {
			isa = PBXGroup;
			children = (
				6351605B248FA15F00CE8ABA /* Main.storyboard */,
				63325E542490EFE800D753AF /* PhotoCollectionViewCell.swift */,
			);
			path = View;
			sourceTree = "<group>";
		};
		6351606E248FA27900CE8ABA /* Controller */ = {
			isa = PBXGroup;
			children = (
				636F0786249007CD0082C78C /* MapViewController */,
				63325E532490E72900D753AF /* AlbumViewController */,
			);
			path = Controller;
			sourceTree = "<group>";
		};
		6351606F248FA28600CE8ABA /* Support */ = {
			isa = PBXGroup;
			children = (
				63516055248FA15F00CE8ABA /* AppDelegate.swift */,
				63516057248FA15F00CE8ABA /* SceneDelegate.swift */,
				63516063248FA16200CE8ABA /* LaunchScreen.storyboard */,
				63516066248FA16200CE8ABA /* Info.plist */,
				63516061248FA16200CE8ABA /* Assets.xcassets */,
			);
			path = Support;
			sourceTree = "<group>";
		};
		63516070248FBC2800CE8ABA /* Core Data */ = {
			isa = PBXGroup;
			children = (
				6351605E248FA15F00CE8ABA /* VirtualTourist.xcdatamodeld */,
				63516071248FBC4800CE8ABA /* DataController.swift */,
				63516073248FBFA300CE8ABA /* Pin.swift */,
				63325E562491490800D753AF /* Photo.swift */,
			);
			path = "Core Data";
			sourceTree = "<group>";
		};
		636F0786249007CD0082C78C /* MapViewController */ = {
			isa = PBXGroup;
			children = (
				63516059248FA15F00CE8ABA /* MapViewController.swift */,
				63516075248FC8F800CE8ABA /* MapViewController+MKMapViewDelegate.swift */,
			);
			path = MapViewController;
			sourceTree = "<group>";
		};
		636F078D249042BF0082C78C /* API */ = {
			isa = PBXGroup;
			children = (
				636F07892490401D0082C78C /* FlickrAPI.swift */,
				636F078B249042B50082C78C /* AlbumCodable.swift */,
			);
			path = API;
			sourceTree = "<group>";
		};
		DC880D00CEF2AC49C8875D0A /* Frameworks */ = {
			isa = PBXGroup;
			children = (
				1FCC0B9F1204041613F65C97 /* Pods_VirtualTourist.framework */,
			);
			name = Frameworks;
			sourceTree = "<group>";
		};
		F286213A8D609C4432DF14ED /* Pods */ = {
			isa = PBXGroup;
			children = (
				ABCB0DF815B7897CB0DC23BB /* Pods-VirtualTourist.debug.xcconfig */,
				669A3206C86AFF52E9D1A7CA /* Pods-VirtualTourist.release.xcconfig */,
			);
			path = Pods;
			sourceTree = "<group>";
		};
/* End PBXGroup section */

/* Begin PBXNativeTarget section */
		63516051248FA15F00CE8ABA /* VirtualTourist */ = {
			isa = PBXNativeTarget;
			buildConfigurationList = 63516069248FA16200CE8ABA /* Build configuration list for PBXNativeTarget "VirtualTourist" */;
			buildPhases = (
				7139247F017CABCED811C8B6 /* [CP] Check Pods Manifest.lock */,
				6351604E248FA15F00CE8ABA /* Sources */,
				6351604F248FA15F00CE8ABA /* Frameworks */,
				63516050248FA15F00CE8ABA /* Resources */,
				36A95EB838F1B0A0CD018940 /* [CP] Embed Pods Frameworks */,
			);
			buildRules = (
			);
			dependencies = (
			);
			name = VirtualTourist;
			productName = VirtualTourist;
			productReference = 63516052248FA15F00CE8ABA /* Virtual Tourist.app */;
			productType = "com.apple.product-type.application";
		};
/* End PBXNativeTarget section */

/* Begin PBXProject section */
		6351604A248FA15F00CE8ABA /* Project object */ = {
			isa = PBXProject;
			attributes = {
				LastSwiftUpdateCheck = 1150;
				LastUpgradeCheck = 1150;
				ORGANIZATIONNAME = "David Chea";
				TargetAttributes = {
					63516051248FA15F00CE8ABA = {
						CreatedOnToolsVersion = 11.5;
					};
				};
			};
			buildConfigurationList = 6351604D248FA15F00CE8ABA /* Build configuration list for PBXProject "VirtualTourist" */;
			compatibilityVersion = "Xcode 9.3";
			developmentRegion = en;
			hasScannedForEncodings = 0;
			knownRegions = (
				en,
				Base,
			);
			mainGroup = 63516049248FA15F00CE8ABA;
			productRefGroup = 63516053248FA15F00CE8ABA /* Products */;
			projectDirPath = "";
			projectRoot = "";
			targets = (
				63516051248FA15F00CE8ABA /* VirtualTourist */,
			);
		};
/* End PBXProject section */

/* Begin PBXResourcesBuildPhase section */
		63516050248FA15F00CE8ABA /* Resources */ = {
			isa = PBXResourcesBuildPhase;
			buildActionMask = 2147483647;
			files = (
				63516065248FA16200CE8ABA /* LaunchScreen.storyboard in Resources */,
				63516062248FA16200CE8ABA /* Assets.xcassets in Resources */,
				6351605D248FA15F00CE8ABA /* Main.storyboard in Resources */,
			);
			runOnlyForDeploymentPostprocessing = 0;
		};
/* End PBXResourcesBuildPhase section */

/* Begin PBXShellScriptBuildPhase section */
		36A95EB838F1B0A0CD018940 /* [CP] Embed Pods Frameworks */ = {
			isa = PBXShellScriptBuildPhase;
			buildActionMask = 2147483647;
			files = (
			);
			inputFileListPaths = (
				"${PODS_ROOT}/Target Support Files/Pods-VirtualTourist/Pods-VirtualTourist-frameworks-${CONFIGURATION}-input-files.xcfilelist",
			);
			name = "[CP] Embed Pods Frameworks";
			outputFileListPaths = (
				"${PODS_ROOT}/Target Support Files/Pods-VirtualTourist/Pods-VirtualTourist-frameworks-${CONFIGURATION}-output-files.xcfilelist",
			);
			runOnlyForDeploymentPostprocessing = 0;
			shellPath = /bin/sh;
			shellScript = "\"${PODS_ROOT}/Target Support Files/Pods-VirtualTourist/Pods-VirtualTourist-frameworks.sh\"\n";
			showEnvVarsInLog = 0;
		};
		7139247F017CABCED811C8B6 /* [CP] Check Pods Manifest.lock */ = {
			isa = PBXShellScriptBuildPhase;
			buildActionMask = 2147483647;
			files = (
			);
			inputFileListPaths = (
			);
			inputPaths = (
				"${PODS_PODFILE_DIR_PATH}/Podfile.lock",
				"${PODS_ROOT}/Manifest.lock",
			);
			name = "[CP] Check Pods Manifest.lock";
			outputFileListPaths = (
			);
			outputPaths = (
				"$(DERIVED_FILE_DIR)/Pods-VirtualTourist-checkManifestLockResult.txt",
			);
			runOnlyForDeploymentPostprocessing = 0;
			shellPath = /bin/sh;
			shellScript = "diff \"${PODS_PODFILE_DIR_PATH}/Podfile.lock\" \"${PODS_ROOT}/Manifest.lock\" > /dev/null\nif [ $? != 0 ] ; then\n    # print error to STDERR\n    echo \"error: The sandbox is not in sync with the Podfile.lock. Run 'pod install' or update your CocoaPods installation.\" >&2\n    exit 1\nfi\n# This output is used by Xcode 'outputs' to avoid re-running this script phase.\necho \"SUCCESS\" > \"${SCRIPT_OUTPUT_FILE_0}\"\n";
			showEnvVarsInLog = 0;
		};
/* End PBXShellScriptBuildPhase section */

/* Begin PBXSourcesBuildPhase section */
		6351604E248FA15F00CE8ABA /* Sources */ = {
			isa = PBXSourcesBuildPhase;
			buildActionMask = 2147483647;
			files = (
				63516072248FBC4800CE8ABA /* DataController.swift in Sources */,
				63516060248FA15F00CE8ABA /* VirtualTourist.xcdatamodeld in Sources */,
				6351605A248FA15F00CE8ABA /* MapViewController.swift in Sources */,
				63325E522490E71E00D753AF /* AlbumViewController+UICollectionView.swift in Sources */,
				636F078A2490401D0082C78C /* FlickrAPI.swift in Sources */,
				63325E552490EFE800D753AF /* PhotoCollectionViewCell.swift in Sources */,
				63325E572491490800D753AF /* Photo.swift in Sources */,
				63516074248FBFA300CE8ABA /* Pin.swift in Sources */,
				636F0788249008BC0082C78C /* AlbumViewController.swift in Sources */,
				63516056248FA15F00CE8ABA /* AppDelegate.swift in Sources */,
				63516076248FC8F800CE8ABA /* MapViewController+MKMapViewDelegate.swift in Sources */,
				63516058248FA15F00CE8ABA /* SceneDelegate.swift in Sources */,
				636F078C249042B50082C78C /* AlbumCodable.swift in Sources */,
			);
			runOnlyForDeploymentPostprocessing = 0;
		};
/* End PBXSourcesBuildPhase section */

/* Begin PBXVariantGroup section */
		6351605B248FA15F00CE8ABA /* Main.storyboard */ = {
			isa = PBXVariantGroup;
			children = (
				6351605C248FA15F00CE8ABA /* Base */,
			);
			name = Main.storyboard;
			sourceTree = "<group>";
		};
		63516063248FA16200CE8ABA /* LaunchScreen.storyboard */ = {
			isa = PBXVariantGroup;
			children = (
				63516064248FA16200CE8ABA /* Base */,
			);
			name = LaunchScreen.storyboard;
			sourceTree = "<group>";
		};
/* End PBXVariantGroup section */

/* Begin XCBuildConfiguration section */
		63516067248FA16200CE8ABA /* Debug */ = {
			isa = XCBuildConfiguration;
			buildSettings = {
				ALWAYS_SEARCH_USER_PATHS = NO;
				CLANG_ANALYZER_NONNULL = YES;
				CLANG_ANALYZER_NUMBER_OBJECT_CONVERSION = YES_AGGRESSIVE;
				CLANG_CXX_LANGUAGE_STANDARD = "gnu++14";
				CLANG_CXX_LIBRARY = "libc++";
				CLANG_ENABLE_MODULES = YES;
				CLANG_ENABLE_OBJC_ARC = YES;
				CLANG_ENABLE_OBJC_WEAK = YES;
				CLANG_WARN_BLOCK_CAPTURE_AUTORELEASING = YES;
				CLANG_WARN_BOOL_CONVERSION = YES;
				CLANG_WARN_COMMA = YES;
				CLANG_WARN_CONSTANT_CONVERSION = YES;
				CLANG_WARN_DEPRECATED_OBJC_IMPLEMENTATIONS = YES;
				CLANG_WARN_DIRECT_OBJC_ISA_USAGE = YES_ERROR;
				CLANG_WARN_DOCUMENTATION_COMMENTS = YES;
				CLANG_WARN_EMPTY_BODY = YES;
				CLANG_WARN_ENUM_CONVERSION = YES;
				CLANG_WARN_INFINITE_RECURSION = YES;
				CLANG_WARN_INT_CONVERSION = YES;
				CLANG_WARN_NON_LITERAL_NULL_CONVERSION = YES;
				CLANG_WARN_OBJC_IMPLICIT_RETAIN_SELF = YES;
				CLANG_WARN_OBJC_LITERAL_CONVERSION = YES;
				CLANG_WARN_OBJC_ROOT_CLASS = YES_ERROR;
				CLANG_WARN_RANGE_LOOP_ANALYSIS = YES;
				CLANG_WARN_STRICT_PROTOTYPES = YES;
				CLANG_WARN_SUSPICIOUS_MOVE = YES;
				CLANG_WARN_UNGUARDED_AVAILABILITY = YES_AGGRESSIVE;
				CLANG_WARN_UNREACHABLE_CODE = YES;
				CLANG_WARN__DUPLICATE_METHOD_MATCH = YES;
				COPY_PHASE_STRIP = NO;
				DEBUG_INFORMATION_FORMAT = dwarf;
				ENABLE_STRICT_OBJC_MSGSEND = YES;
				ENABLE_TESTABILITY = YES;
				GCC_C_LANGUAGE_STANDARD = gnu11;
				GCC_DYNAMIC_NO_PIC = NO;
				GCC_NO_COMMON_BLOCKS = YES;
				GCC_OPTIMIZATION_LEVEL = 0;
				GCC_PREPROCESSOR_DEFINITIONS = (
					"DEBUG=1",
					"$(inherited)",
				);
				GCC_WARN_64_TO_32_BIT_CONVERSION = YES;
				GCC_WARN_ABOUT_RETURN_TYPE = YES_ERROR;
				GCC_WARN_UNDECLARED_SELECTOR = YES;
				GCC_WARN_UNINITIALIZED_AUTOS = YES_AGGRESSIVE;
				GCC_WARN_UNUSED_FUNCTION = YES;
				GCC_WARN_UNUSED_VARIABLE = YES;
				IPHONEOS_DEPLOYMENT_TARGET = 12.4;
				MTL_ENABLE_DEBUG_INFO = INCLUDE_SOURCE;
				MTL_FAST_MATH = YES;
				ONLY_ACTIVE_ARCH = YES;
				SDKROOT = iphoneos;
				SWIFT_ACTIVE_COMPILATION_CONDITIONS = DEBUG;
				SWIFT_OPTIMIZATION_LEVEL = "-Onone";
			};
			name = Debug;
		};
		63516068248FA16200CE8ABA /* Release */ = {
			isa = XCBuildConfiguration;
			buildSettings = {
				ALWAYS_SEARCH_USER_PATHS = NO;
				CLANG_ANALYZER_NONNULL = YES;
				CLANG_ANALYZER_NUMBER_OBJECT_CONVERSION = YES_AGGRESSIVE;
				CLANG_CXX_LANGUAGE_STANDARD = "gnu++14";
				CLANG_CXX_LIBRARY = "libc++";
				CLANG_ENABLE_MODULES = YES;
				CLANG_ENABLE_OBJC_ARC = YES;
				CLANG_ENABLE_OBJC_WEAK = YES;
				CLANG_WARN_BLOCK_CAPTURE_AUTORELEASING = YES;
				CLANG_WARN_BOOL_CONVERSION = YES;
				CLANG_WARN_COMMA = YES;
				CLANG_WARN_CONSTANT_CONVERSION = YES;
				CLANG_WARN_DEPRECATED_OBJC_IMPLEMENTATIONS = YES;
				CLANG_WARN_DIRECT_OBJC_ISA_USAGE = YES_ERROR;
				CLANG_WARN_DOCUMENTATION_COMMENTS = YES;
				CLANG_WARN_EMPTY_BODY = YES;
				CLANG_WARN_ENUM_CONVERSION = YES;
				CLANG_WARN_INFINITE_RECURSION = YES;
				CLANG_WARN_INT_CONVERSION = YES;
				CLANG_WARN_NON_LITERAL_NULL_CONVERSION = YES;
				CLANG_WARN_OBJC_IMPLICIT_RETAIN_SELF = YES;
				CLANG_WARN_OBJC_LITERAL_CONVERSION = YES;
				CLANG_WARN_OBJC_ROOT_CLASS = YES_ERROR;
				CLANG_WARN_RANGE_LOOP_ANALYSIS = YES;
				CLANG_WARN_STRICT_PROTOTYPES = YES;
				CLANG_WARN_SUSPICIOUS_MOVE = YES;
				CLANG_WARN_UNGUARDED_AVAILABILITY = YES_AGGRESSIVE;
				CLANG_WARN_UNREACHABLE_CODE = YES;
				CLANG_WARN__DUPLICATE_METHOD_MATCH = YES;
				COPY_PHASE_STRIP = NO;
				DEBUG_INFORMATION_FORMAT = "dwarf-with-dsym";
				ENABLE_NS_ASSERTIONS = NO;
				ENABLE_STRICT_OBJC_MSGSEND = YES;
				GCC_C_LANGUAGE_STANDARD = gnu11;
				GCC_NO_COMMON_BLOCKS = YES;
				GCC_WARN_64_TO_32_BIT_CONVERSION = YES;
				GCC_WARN_ABOUT_RETURN_TYPE = YES_ERROR;
				GCC_WARN_UNDECLARED_SELECTOR = YES;
				GCC_WARN_UNINITIALIZED_AUTOS = YES_AGGRESSIVE;
				GCC_WARN_UNUSED_FUNCTION = YES;
				GCC_WARN_UNUSED_VARIABLE = YES;
				IPHONEOS_DEPLOYMENT_TARGET = 12.4;
				MTL_ENABLE_DEBUG_INFO = NO;
				MTL_FAST_MATH = YES;
				SDKROOT = iphoneos;
				SWIFT_COMPILATION_MODE = wholemodule;
				SWIFT_OPTIMIZATION_LEVEL = "-O";
				VALIDATE_PRODUCT = YES;
			};
			name = Release;
		};
		6351606A248FA16200CE8ABA /* Debug */ = {
			isa = XCBuildConfiguration;
			baseConfigurationReference = ABCB0DF815B7897CB0DC23BB /* Pods-VirtualTourist.debug.xcconfig */;
			buildSettings = {
				ASSETCATALOG_COMPILER_APPICON_NAME = AppIcon;
				CODE_SIGN_STYLE = Automatic;
				DEVELOPMENT_TEAM = 6P9G69HDM7;
				INFOPLIST_FILE = "$(SRCROOT)/VirtualTourist/Support/Info.plist";
				LD_RUNPATH_SEARCH_PATHS = (
					"$(inherited)",
					"@executable_path/Frameworks",
				);
				PRODUCT_BUNDLE_IDENTIFIER = com.davidchea.VirtualTourist;
				PRODUCT_NAME = "Virtual Tourist";
				SWIFT_VERSION = 5.0;
				TARGETED_DEVICE_FAMILY = 1;
			};
			name = Debug;
		};
		6351606B248FA16200CE8ABA /* Release */ = {
			isa = XCBuildConfiguration;
			baseConfigurationReference = 669A3206C86AFF52E9D1A7CA /* Pods-VirtualTourist.release.xcconfig */;
			buildSettings = {
				ASSETCATALOG_COMPILER_APPICON_NAME = AppIcon;
				CODE_SIGN_STYLE = Automatic;
				DEVELOPMENT_TEAM = 6P9G69HDM7;
				INFOPLIST_FILE = "$(SRCROOT)/VirtualTourist/Support/Info.plist";
				LD_RUNPATH_SEARCH_PATHS = (
					"$(inherited)",
					"@executable_path/Frameworks",
				);
				PRODUCT_BUNDLE_IDENTIFIER = com.davidchea.VirtualTourist;
				PRODUCT_NAME = "Virtual Tourist";
				SWIFT_VERSION = 5.0;
				TARGETED_DEVICE_FAMILY = 1;
			};
			name = Release;
		};
/* End XCBuildConfiguration section */

/* Begin XCConfigurationList section */
		6351604D248FA15F00CE8ABA /* Build configuration list for PBXProject "VirtualTourist" */ = {
			isa = XCConfigurationList;
			buildConfigurations = (
				63516067248FA16200CE8ABA /* Debug */,
				63516068248FA16200CE8ABA /* Release */,
			);
			defaultConfigurationIsVisible = 0;
			defaultConfigurationName = Release;
		};
		63516069248FA16200CE8ABA /* Build configuration list for PBXNativeTarget "VirtualTourist" */ = {
			isa = XCConfigurationList;
			buildConfigurations = (
				6351606A248FA16200CE8ABA /* Debug */,
				6351606B248FA16200CE8ABA /* Release */,
			);
			defaultConfigurationIsVisible = 0;
			defaultConfigurationName = Release;
		};
/* End XCConfigurationList section */

/* Begin XCVersionGroup section */
		6351605E248FA15F00CE8ABA /* VirtualTourist.xcdatamodeld */ = {
			isa = XCVersionGroup;
			children = (
				6351605F248FA15F00CE8ABA /* VirtualTourist.xcdatamodel */,
			);
			currentVersion = 6351605F248FA15F00CE8ABA /* VirtualTourist.xcdatamodel */;
			path = VirtualTourist.xcdatamodeld;
			sourceTree = "<group>";
			versionGroupType = wrapper.xcdatamodel;
		};
/* End XCVersionGroup section */
	};
	rootObject = 6351604A248FA15F00CE8ABA /* Project object */;
}
